// !$*UTF8*$!
{
	archiveVersion = 1;
	classes = {
	};
	objectVersion = 55;
	objects = {

/* Begin PBXBuildFile section */
		566739112743EED000940F7C /* AppDelegate.swift in Sources */ = {isa = PBXBuildFile; fileRef = 566739102743EED000940F7C /* AppDelegate.swift */; };
		566739132743EED000940F7C /* ViewController.swift in Sources */ = {isa = PBXBuildFile; fileRef = 566739122743EED000940F7C /* ViewController.swift */; };
		566739152743EED100940F7C /* Experience.rcproject in Sources */ = {isa = PBXBuildFile; fileRef = 566739142743EED100940F7C /* Experience.rcproject */; };
		566739182743EED100940F7C /* Main.storyboard in Resources */ = {isa = PBXBuildFile; fileRef = 566739162743EED100940F7C /* Main.storyboard */; };
		5667391A2743EED200940F7C /* Assets.xcassets in Resources */ = {isa = PBXBuildFile; fileRef = 566739192743EED200940F7C /* Assets.xcassets */; };
		5667391D2743EED200940F7C /* LaunchScreen.storyboard in Resources */ = {isa = PBXBuildFile; fileRef = 5667391B2743EED200940F7C /* LaunchScreen.storyboard */; };
		566739272743EED200940F7C /* PairFinderTests.swift in Sources */ = {isa = PBXBuildFile; fileRef = 566739262743EED200940F7C /* PairFinderTests.swift */; };
		566739312743EED200940F7C /* PairFinderUITests.swift in Sources */ = {isa = PBXBuildFile; fileRef = 566739302743EED200940F7C /* PairFinderUITests.swift */; };
		566739332743EED200940F7C /* PairFinderUITestsLaunchTests.swift in Sources */ = {isa = PBXBuildFile; fileRef = 566739322743EED200940F7C /* PairFinderUITestsLaunchTests.swift */; };
/* End PBXBuildFile section */

/* Begin PBXContainerItemProxy section */
		566739232743EED200940F7C /* PBXContainerItemProxy */ = {
			isa = PBXContainerItemProxy;
			containerPortal = 566739052743EED000940F7C /* Project object */;
			proxyType = 1;
			remoteGlobalIDString = 5667390C2743EED000940F7C;
			remoteInfo = PairFinder;
		};
		5667392D2743EED200940F7C /* PBXContainerItemProxy */ = {
			isa = PBXContainerItemProxy;
			containerPortal = 566739052743EED000940F7C /* Project object */;
			proxyType = 1;
			remoteGlobalIDString = 5667390C2743EED000940F7C;
			remoteInfo = PairFinder;
		};
/* End PBXContainerItemProxy section */

/* Begin PBXFileReference section */
		5667390D2743EED000940F7C /* PairFinder.app */ = {isa = PBXFileReference; explicitFileType = wrapper.application; includeInIndex = 0; path = PairFinder.app; sourceTree = BUILT_PRODUCTS_DIR; };
		566739102743EED000940F7C /* AppDelegate.swift */ = {isa = PBXFileReference; lastKnownFileType = sourcecode.swift; path = AppDelegate.swift; sourceTree = "<group>"; };
		566739122743EED000940F7C /* ViewController.swift */ = {isa = PBXFileReference; lastKnownFileType = sourcecode.swift; path = ViewController.swift; sourceTree = "<group>"; };
		566739142743EED100940F7C /* Experience.rcproject */ = {isa = PBXFileReference; lastKnownFileType = file.rcproject; path = Experience.rcproject; sourceTree = "<group>"; };
		566739172743EED100940F7C /* Base */ = {isa = PBXFileReference; lastKnownFileType = file.storyboard; name = Base; path = Base.lproj/Main.storyboard; sourceTree = "<group>"; };
		566739192743EED200940F7C /* Assets.xcassets */ = {isa = PBXFileReference; lastKnownFileType = folder.assetcatalog; path = Assets.xcassets; sourceTree = "<group>"; };
		5667391C2743EED200940F7C /* Base */ = {isa = PBXFileReference; lastKnownFileType = file.storyboard; name = Base; path = Base.lproj/LaunchScreen.storyboard; sourceTree = "<group>"; };
		566739222743EED200940F7C /* PairFinderTests.xctest */ = {isa = PBXFileReference; explicitFileType = wrapper.cfbundle; includeInIndex = 0; path = PairFinderTests.xctest; sourceTree = BUILT_PRODUCTS_DIR; };
		566739262743EED200940F7C /* PairFinderTests.swift */ = {isa = PBXFileReference; lastKnownFileType = sourcecode.swift; path = PairFinderTests.swift; sourceTree = "<group>"; };
		5667392C2743EED200940F7C /* PairFinderUITests.xctest */ = {isa = PBXFileReference; explicitFileType = wrapper.cfbundle; includeInIndex = 0; path = PairFinderUITests.xctest; sourceTree = BUILT_PRODUCTS_DIR; };
		566739302743EED200940F7C /* PairFinderUITests.swift */ = {isa = PBXFileReference; lastKnownFileType = sourcecode.swift; path = PairFinderUITests.swift; sourceTree = "<group>"; };
		566739322743EED200940F7C /* PairFinderUITestsLaunchTests.swift */ = {isa = PBXFileReference; lastKnownFileType = sourcecode.swift; path = PairFinderUITestsLaunchTests.swift; sourceTree = "<group>"; };
/* End PBXFileReference section */

/* Begin PBXFrameworksBuildPhase section */
		5667390A2743EED000940F7C /* Frameworks */ = {
			isa = PBXFrameworksBuildPhase;
			buildActionMask = 2147483647;
			files = (
			);
			runOnlyForDeploymentPostprocessing = 0;
		};
		5667391F2743EED200940F7C /* Frameworks */ = {
			isa = PBXFrameworksBuildPhase;
			buildActionMask = 2147483647;
			files = (
			);
			runOnlyForDeploymentPostprocessing = 0;
		};
		566739292743EED200940F7C /* Frameworks */ = {
			isa = PBXFrameworksBuildPhase;
			buildActionMask = 2147483647;
			files = (
			);
			runOnlyForDeploymentPostprocessing = 0;
		};
/* End PBXFrameworksBuildPhase section */

/* Begin PBXGroup section */
		566739042743EED000940F7C = {
			isa = PBXGroup;
			children = (
				5667390F2743EED000940F7C /* PairFinder */,
				566739252743EED200940F7C /* PairFinderTests */,
				5667392F2743EED200940F7C /* PairFinderUITests */,
				5667390E2743EED000940F7C /* Products */,
			);
			sourceTree = "<group>";
		};
		5667390E2743EED000940F7C /* Products */ = {
			isa = PBXGroup;
			children = (
				5667390D2743EED000940F7C /* PairFinder.app */,
				566739222743EED200940F7C /* PairFinderTests.xctest */,
				5667392C2743EED200940F7C /* PairFinderUITests.xctest */,
			);
			name = Products;
			sourceTree = "<group>";
		};
		5667390F2743EED000940F7C /* PairFinder */ = {
			isa = PBXGroup;
			children = (
				566739102743EED000940F7C /* AppDelegate.swift */,
				566739122743EED000940F7C /* ViewController.swift */,
				566739142743EED100940F7C /* Experience.rcproject */,
				566739162743EED100940F7C /* Main.storyboard */,
				566739192743EED200940F7C /* Assets.xcassets */,
				5667391B2743EED200940F7C /* LaunchScreen.storyboard */,
			);
			path = PairFinder;
			sourceTree = "<group>";
		};
		566739252743EED200940F7C /* PairFinderTests */ = {
			isa = PBXGroup;
			children = (
				566739262743EED200940F7C /* PairFinderTests.swift */,
			);
			path = PairFinderTests;
			sourceTree = "<group>";
		};
		5667392F2743EED200940F7C /* PairFinderUITests */ = {
			isa = PBXGroup;
			children = (
				566739302743EED200940F7C /* PairFinderUITests.swift */,
				566739322743EED200940F7C /* PairFinderUITestsLaunchTests.swift */,
			);
			path = PairFinderUITests;
			sourceTree = "<group>";
		};
/* End PBXGroup section */

/* Begin PBXNativeTarget section */
		5667390C2743EED000940F7C /* PairFinder */ = {
			isa = PBXNativeTarget;
			buildConfigurationList = 566739362743EED200940F7C /* Build configuration list for PBXNativeTarget "PairFinder" */;
			buildPhases = (
				566739092743EED000940F7C /* Sources */,
				5667390A2743EED000940F7C /* Frameworks */,
				5667390B2743EED000940F7C /* Resources */,
			);
			buildRules = (
			);
			dependencies = (
			);
			name = PairFinder;
			productName = PairFinder;
			productReference = 5667390D2743EED000940F7C /* PairFinder.app */;
			productType = "com.apple.product-type.application";
		};
		566739212743EED200940F7C /* PairFinderTests */ = {
			isa = PBXNativeTarget;
			buildConfigurationList = 566739392743EED200940F7C /* Build configuration list for PBXNativeTarget "PairFinderTests" */;
			buildPhases = (
				5667391E2743EED200940F7C /* Sources */,
				5667391F2743EED200940F7C /* Frameworks */,
				566739202743EED200940F7C /* Resources */,
			);
			buildRules = (
			);
			dependencies = (
				566739242743EED200940F7C /* PBXTargetDependency */,
			);
			name = PairFinderTests;
			productName = PairFinderTests;
			productReference = 566739222743EED200940F7C /* PairFinderTests.xctest */;
			productType = "com.apple.product-type.bundle.unit-test";
		};
		5667392B2743EED200940F7C /* PairFinderUITests */ = {
			isa = PBXNativeTarget;
			buildConfigurationList = 5667393C2743EED200940F7C /* Build configuration list for PBXNativeTarget "PairFinderUITests" */;
			buildPhases = (
				566739282743EED200940F7C /* Sources */,
				566739292743EED200940F7C /* Frameworks */,
				5667392A2743EED200940F7C /* Resources */,
			);
			buildRules = (
			);
			dependencies = (
				5667392E2743EED200940F7C /* PBXTargetDependency */,
			);
			name = PairFinderUITests;
			productName = PairFinderUITests;
			productReference = 5667392C2743EED200940F7C /* PairFinderUITests.xctest */;
			productType = "com.apple.product-type.bundle.ui-testing";
		};
/* End PBXNativeTarget section */

/* Begin PBXProject section */
		566739052743EED000940F7C /* Project object */ = {
			isa = PBXProject;
			attributes = {
				BuildIndependentTargetsInParallel = 1;
				LastSwiftUpdateCheck = 1300;
				LastUpgradeCheck = 1300;
				TargetAttributes = {
					5667390C2743EED000940F7C = {
						CreatedOnToolsVersion = 13.0;
					};
					566739212743EED200940F7C = {
						CreatedOnToolsVersion = 13.0;
						TestTargetID = 5667390C2743EED000940F7C;
					};
					5667392B2743EED200940F7C = {
						CreatedOnToolsVersion = 13.0;
						TestTargetID = 5667390C2743EED000940F7C;
					};
				};
			};
			buildConfigurationList = 566739082743EED000940F7C /* Build configuration list for PBXProject "PairFinder" */;
			compatibilityVersion = "Xcode 13.0";
			developmentRegion = en;
			hasScannedForEncodings = 0;
			knownRegions = (
				en,
				Base,
			);
			mainGroup = 566739042743EED000940F7C;
			productRefGroup = 5667390E2743EED000940F7C /* Products */;
			projectDirPath = "";
			projectRoot = "";
			targets = (
				5667390C2743EED000940F7C /* PairFinder */,
				566739212743EED200940F7C /* PairFinderTests */,
				5667392B2743EED200940F7C /* PairFinderUITests */,
			);
		};
/* End PBXProject section */

/* Begin PBXResourcesBuildPhase section */
		5667390B2743EED000940F7C /* Resources */ = {
			isa = PBXResourcesBuildPhase;
			buildActionMask = 2147483647;
			files = (
				5667391D2743EED200940F7C /* LaunchScreen.storyboard in Resources */,
				5667391A2743EED200940F7C /* Assets.xcassets in Resources */,
				566739182743EED100940F7C /* Main.storyboard in Resources */,
			);
			runOnlyForDeploymentPostprocessing = 0;
		};
		566739202743EED200940F7C /* Resources */ = {
			isa = PBXResourcesBuildPhase;
			buildActionMask = 2147483647;
			files = (
			);
			runOnlyForDeploymentPostprocessing = 0;
		};
		5667392A2743EED200940F7C /* Resources */ = {
			isa = PBXResourcesBuildPhase;
			buildActionMask = 2147483647;
			files = (
			);
			runOnlyForDeploymentPostprocessing = 0;
		};
/* End PBXResourcesBuildPhase section */

/* Begin PBXSourcesBuildPhase section */
		566739092743EED000940F7C /* Sources */ = {
			isa = PBXSourcesBuildPhase;
			buildActionMask = 2147483647;
			files = (
				566739132743EED000940F7C /* ViewController.swift in Sources */,
				566739112743EED000940F7C /* AppDelegate.swift in Sources */,
				566739152743EED100940F7C /* Experience.rcproject in Sources */,
			);
			runOnlyForDeploymentPostprocessing = 0;
		};
		5667391E2743EED200940F7C /* Sources */ = {
			isa = PBXSourcesBuildPhase;
			buildActionMask = 2147483647;
			files = (
				566739272743EED200940F7C /* PairFinderTests.swift in Sources */,
			);
			runOnlyForDeploymentPostprocessing = 0;
		};
		566739282743EED200940F7C /* Sources */ = {
			isa = PBXSourcesBuildPhase;
			buildActionMask = 2147483647;
			files = (
				566739332743EED200940F7C /* PairFinderUITestsLaunchTests.swift in Sources */,
				566739312743EED200940F7C /* PairFinderUITests.swift in Sources */,
			);
			runOnlyForDeploymentPostprocessing = 0;
		};
/* End PBXSourcesBuildPhase section */

/* Begin PBXTargetDependency section */
		566739242743EED200940F7C /* PBXTargetDependency */ = {
			isa = PBXTargetDependency;
			target = 5667390C2743EED000940F7C /* PairFinder */;
			targetProxy = 566739232743EED200940F7C /* PBXContainerItemProxy */;
		};
		5667392E2743EED200940F7C /* PBXTargetDependency */ = {
			isa = PBXTargetDependency;
			target = 5667390C2743EED000940F7C /* PairFinder */;
			targetProxy = 5667392D2743EED200940F7C /* PBXContainerItemProxy */;
		};
/* End PBXTargetDependency section */

/* Begin PBXVariantGroup section */
		566739162743EED100940F7C /* Main.storyboard */ = {
			isa = PBXVariantGroup;
			children = (
				566739172743EED100940F7C /* Base */,
			);
			name = Main.storyboard;
			sourceTree = "<group>";
		};
		5667391B2743EED200940F7C /* LaunchScreen.storyboard */ = {
			isa = PBXVariantGroup;
			children = (
				5667391C2743EED200940F7C /* Base */,
			);
			name = LaunchScreen.storyboard;
			sourceTree = "<group>";
		};
/* End PBXVariantGroup section */

/* Begin XCBuildConfiguration section */
		566739342743EED200940F7C /* Debug */ = {
			isa = XCBuildConfiguration;
			buildSettings = {
				ALWAYS_SEARCH_USER_PATHS = NO;
				CLANG_ANALYZER_NONNULL = YES;
				CLANG_ANALYZER_NUMBER_OBJECT_CONVERSION = YES_AGGRESSIVE;
				CLANG_CXX_LANGUAGE_STANDARD = "gnu++17";
				CLANG_CXX_LIBRARY = "libc++";
				CLANG_ENABLE_MODULES = YES;
				CLANG_ENABLE_OBJC_ARC = YES;
				CLANG_ENABLE_OBJC_WEAK = YES;
				CLANG_WARN_BLOCK_CAPTURE_AUTORELEASING = YES;
				CLANG_WARN_BOOL_CONVERSION = YES;
				CLANG_WARN_COMMA = YES;
				CLANG_WARN_CONSTANT_CONVERSION = YES;
				CLANG_WARN_DEPRECATED_OBJC_IMPLEMENTATIONS = YES;
				CLANG_WARN_DIRECT_OBJC_ISA_USAGE = YES_ERROR;
				CLANG_WARN_DOCUMENTATION_COMMENTS = YES;
				CLANG_WARN_EMPTY_BODY = YES;
				CLANG_WARN_ENUM_CONVERSION = YES;
				CLANG_WARN_INFINITE_RECURSION = YES;
				CLANG_WARN_INT_CONVERSION = YES;
				CLANG_WARN_NON_LITERAL_NULL_CONVERSION = YES;
				CLANG_WARN_OBJC_IMPLICIT_RETAIN_SELF = YES;
				CLANG_WARN_OBJC_LITERAL_CONVERSION = YES;
				CLANG_WARN_OBJC_ROOT_CLASS = YES_ERROR;
				CLANG_WARN_QUOTED_INCLUDE_IN_FRAMEWORK_HEADER = YES;
				CLANG_WARN_RANGE_LOOP_ANALYSIS = YES;
				CLANG_WARN_STRICT_PROTOTYPES = YES;
				CLANG_WARN_SUSPICIOUS_MOVE = YES;
				CLANG_WARN_UNGUARDED_AVAILABILITY = YES_AGGRESSIVE;
				CLANG_WARN_UNREACHABLE_CODE = YES;
				CLANG_WARN__DUPLICATE_METHOD_MATCH = YES;
				COPY_PHASE_STRIP = NO;
				DEBUG_INFORMATION_FORMAT = dwarf;
				ENABLE_STRICT_OBJC_MSGSEND = YES;
				ENABLE_TESTABILITY = YES;
				GCC_C_LANGUAGE_STANDARD = gnu11;
				GCC_DYNAMIC_NO_PIC = NO;
				GCC_NO_COMMON_BLOCKS = YES;
				GCC_OPTIMIZATION_LEVEL = 0;
				GCC_PREPROCESSOR_DEFINITIONS = (
					"DEBUG=1",
					"$(inherited)",
				);
				GCC_WARN_64_TO_32_BIT_CONVERSION = YES;
				GCC_WARN_ABOUT_RETURN_TYPE = YES_ERROR;
				GCC_WARN_UNDECLARED_SELECTOR = YES;
				GCC_WARN_UNINITIALIZED_AUTOS = YES_AGGRESSIVE;
				GCC_WARN_UNUSED_FUNCTION = YES;
				GCC_WARN_UNUSED_VARIABLE = YES;
				IPHONEOS_DEPLOYMENT_TARGET = 15.0;
				MTL_ENABLE_DEBUG_INFO = INCLUDE_SOURCE;
				MTL_FAST_MATH = YES;
				ONLY_ACTIVE_ARCH = YES;
				SDKROOT = iphoneos;
				SWIFT_ACTIVE_COMPILATION_CONDITIONS = DEBUG;
				SWIFT_OPTIMIZATION_LEVEL = "-Onone";
			};
			name = Debug;
		};
		566739352743EED200940F7C /* Release */ = {
			isa = XCBuildConfiguration;
			buildSettings = {
				ALWAYS_SEARCH_USER_PATHS = NO;
				CLANG_ANALYZER_NONNULL = YES;
				CLANG_ANALYZER_NUMBER_OBJECT_CONVERSION = YES_AGGRESSIVE;
				CLANG_CXX_LANGUAGE_STANDARD = "gnu++17";
				CLANG_CXX_LIBRARY = "libc++";
				CLANG_ENABLE_MODULES = YES;
				CLANG_ENABLE_OBJC_ARC = YES;
				CLANG_ENABLE_OBJC_WEAK = YES;
				CLANG_WARN_BLOCK_CAPTURE_AUTORELEASING = YES;
				CLANG_WARN_BOOL_CONVERSION = YES;
				CLANG_WARN_COMMA = YES;
				CLANG_WARN_CONSTANT_CONVERSION = YES;
				CLANG_WARN_DEPRECATED_OBJC_IMPLEMENTATIONS = YES;
				CLANG_WARN_DIRECT_OBJC_ISA_USAGE = YES_ERROR;
				CLANG_WARN_DOCUMENTATION_COMMENTS = YES;
				CLANG_WARN_EMPTY_BODY = YES;
				CLANG_WARN_ENUM_CONVERSION = YES;
				CLANG_WARN_INFINITE_RECURSION = YES;
				CLANG_WARN_INT_CONVERSION = YES;
				CLANG_WARN_NON_LITERAL_NULL_CONVERSION = YES;
				CLANG_WARN_OBJC_IMPLICIT_RETAIN_SELF = YES;
				CLANG_WARN_OBJC_LITERAL_CONVERSION = YES;
				CLANG_WARN_OBJC_ROOT_CLASS = YES_ERROR;
				CLANG_WARN_QUOTED_INCLUDE_IN_FRAMEWORK_HEADER = YES;
				CLANG_WARN_RANGE_LOOP_ANALYSIS = YES;
				CLANG_WARN_STRICT_PROTOTYPES = YES;
				CLANG_WARN_SUSPICIOUS_MOVE = YES;
				CLANG_WARN_UNGUARDED_AVAILABILITY = YES_AGGRESSIVE;
				CLANG_WARN_UNREACHABLE_CODE = YES;
				CLANG_WARN__DUPLICATE_METHOD_MATCH = YES;
				COPY_PHASE_STRIP = NO;
				DEBUG_INFORMATION_FORMAT = "dwarf-with-dsym";
				ENABLE_NS_ASSERTIONS = NO;
				ENABLE_STRICT_OBJC_MSGSEND = YES;
				GCC_C_LANGUAGE_STANDARD = gnu11;
				GCC_NO_COMMON_BLOCKS = YES;
				GCC_WARN_64_TO_32_BIT_CONVERSION = YES;
				GCC_WARN_ABOUT_RETURN_TYPE = YES_ERROR;
				GCC_WARN_UNDECLARED_SELECTOR = YES;
				GCC_WARN_UNINITIALIZED_AUTOS = YES_AGGRESSIVE;
				GCC_WARN_UNUSED_FUNCTION = YES;
				GCC_WARN_UNUSED_VARIABLE = YES;
				IPHONEOS_DEPLOYMENT_TARGET = 15.0;
				MTL_ENABLE_DEBUG_INFO = NO;
				MTL_FAST_MATH = YES;
				SDKROOT = iphoneos;
				SWIFT_COMPILATION_MODE = wholemodule;
				SWIFT_OPTIMIZATION_LEVEL = "-O";
				VALIDATE_PRODUCT = YES;
			};
			name = Release;
		};
		566739372743EED200940F7C /* Debug */ = {
			isa = XCBuildConfiguration;
			buildSettings = {
				ASSETCATALOG_COMPILER_APPICON_NAME = AppIcon;
				ASSETCATALOG_COMPILER_GLOBAL_ACCENT_COLOR_NAME = AccentColor;
				CODE_SIGN_STYLE = Automatic;
				CURRENT_PROJECT_VERSION = 1;
				DEVELOPMENT_TEAM = BC2NYL7P3W;
				GENERATE_INFOPLIST_FILE = YES;
				INFOPLIST_KEY_NSCameraUsageDescription = "";
				INFOPLIST_KEY_UIApplicationSupportsIndirectInputEvents = YES;
				INFOPLIST_KEY_UILaunchStoryboardName = LaunchScreen;
				INFOPLIST_KEY_UIMainStoryboardFile = Main;
				INFOPLIST_KEY_UIRequiredDeviceCapabilities = arkit;
				INFOPLIST_KEY_UIStatusBarHidden = YES;
				INFOPLIST_KEY_UISupportedInterfaceOrientations_iPad = "UIInterfaceOrientationPortrait UIInterfaceOrientationPortraitUpsideDown UIInterfaceOrientationLandscapeLeft UIInterfaceOrientationLandscapeRight";
				INFOPLIST_KEY_UISupportedInterfaceOrientations_iPhone = "UIInterfaceOrientationPortrait UIInterfaceOrientationLandscapeLeft UIInterfaceOrientationLandscapeRight";
				LD_RUNPATH_SEARCH_PATHS = (
					"$(inherited)",
					"@executable_path/Frameworks",
				);
				MARKETING_VERSION = 1.0;
				PRODUCT_BUNDLE_IDENTIFIER = emel.test.pairfinder.PairFinder;
				PRODUCT_NAME = "$(TARGET_NAME)";
				SWIFT_EMIT_LOC_STRINGS = YES;
				SWIFT_VERSION = 5.0;
				TARGETED_DEVICE_FAMILY = "1,2";
			};
			name = Debug;
		};
		566739382743EED200940F7C /* Release */ = {
			isa = XCBuildConfiguration;
			buildSettings = {
				ASSETCATALOG_COMPILER_APPICON_NAME = AppIcon;
				ASSETCATALOG_COMPILER_GLOBAL_ACCENT_COLOR_NAME = AccentColor;
				CODE_SIGN_STYLE = Automatic;
				CURRENT_PROJECT_VERSION = 1;
				DEVELOPMENT_TEAM = BC2NYL7P3W;
				GENERATE_INFOPLIST_FILE = YES;
				INFOPLIST_KEY_NSCameraUsageDescription = "";
				INFOPLIST_KEY_UIApplicationSupportsIndirectInputEvents = YES;
				INFOPLIST_KEY_UILaunchStoryboardName = LaunchScreen;
				INFOPLIST_KEY_UIMainStoryboardFile = Main;
				INFOPLIST_KEY_UIRequiredDeviceCapabilities = arkit;
				INFOPLIST_KEY_UIStatusBarHidden = YES;
				INFOPLIST_KEY_UISupportedInterfaceOrientations_iPad = "UIInterfaceOrientationPortrait UIInterfaceOrientationPortraitUpsideDown UIInterfaceOrientationLandscapeLeft UIInterfaceOrientationLandscapeRight";
				INFOPLIST_KEY_UISupportedInterfaceOrientations_iPhone = "UIInterfaceOrientationPortrait UIInterfaceOrientationLandscapeLeft UIInterfaceOrientationLandscapeRight";
				LD_RUNPATH_SEARCH_PATHS = (
					"$(inherited)",
					"@executable_path/Frameworks",
				);
				MARKETING_VERSION = 1.0;
				PRODUCT_BUNDLE_IDENTIFIER = emel.test.pairfinder.PairFinder;
				PRODUCT_NAME = "$(TARGET_NAME)";
				SWIFT_EMIT_LOC_STRINGS = YES;
				SWIFT_VERSION = 5.0;
				TARGETED_DEVICE_FAMILY = "1,2";
			};
			name = Release;
		};
		5667393A2743EED200940F7C /* Debug */ = {
			isa = XCBuildConfiguration;
			buildSettings = {
				ALWAYS_EMBED_SWIFT_STANDARD_LIBRARIES = YES;
				BUNDLE_LOADER = "$(TEST_HOST)";
				CODE_SIGN_STYLE = Automatic;
				CURRENT_PROJECT_VERSION = 1;
				DEVELOPMENT_TEAM = BC2NYL7P3W;
				GENERATE_INFOPLIST_FILE = YES;
				IPHONEOS_DEPLOYMENT_TARGET = 15.0;
				LD_RUNPATH_SEARCH_PATHS = (
					"$(inherited)",
					"@executable_path/Frameworks",
					"@loader_path/Frameworks",
				);
				MARKETING_VERSION = 1.0;
				PRODUCT_BUNDLE_IDENTIFIER = emel.test.pairfinder.PairFinderTests;
				PRODUCT_NAME = "$(TARGET_NAME)";
				SWIFT_EMIT_LOC_STRINGS = NO;
				SWIFT_VERSION = 5.0;
				TARGETED_DEVICE_FAMILY = "1,2";
				TEST_HOST = "$(BUILT_PRODUCTS_DIR)/PairFinder.app/PairFinder";
			};
			name = Debug;
		};
		5667393B2743EED200940F7C /* Release */ = {
			isa = XCBuildConfiguration;
			buildSettings = {
				ALWAYS_EMBED_SWIFT_STANDARD_LIBRARIES = YES;
				BUNDLE_LOADER = "$(TEST_HOST)";
				CODE_SIGN_STYLE = Automatic;
				CURRENT_PROJECT_VERSION = 1;
				DEVELOPMENT_TEAM = BC2NYL7P3W;
				GENERATE_INFOPLIST_FILE = YES;
				IPHONEOS_DEPLOYMENT_TARGET = 15.0;
				LD_RUNPATH_SEARCH_PATHS = (
					"$(inherited)",
					"@executable_path/Frameworks",
					"@loader_path/Frameworks",
				);
				MARKETING_VERSION = 1.0;
				PRODUCT_BUNDLE_IDENTIFIER = emel.test.pairfinder.PairFinderTests;
				PRODUCT_NAME = "$(TARGET_NAME)";
				SWIFT_EMIT_LOC_STRINGS = NO;
				SWIFT_VERSION = 5.0;
				TARGETED_DEVICE_FAMILY = "1,2";
				TEST_HOST = "$(BUILT_PRODUCTS_DIR)/PairFinder.app/PairFinder";
			};
			name = Release;
		};
		5667393D2743EED200940F7C /* Debug */ = {
			isa = XCBuildConfiguration;
			buildSettings = {
				ALWAYS_EMBED_SWIFT_STANDARD_LIBRARIES = YES;
				CODE_SIGN_STYLE = Automatic;
				CURRENT_PROJECT_VERSION = 1;
				DEVELOPMENT_TEAM = BC2NYL7P3W;
				GENERATE_INFOPLIST_FILE = YES;
				LD_RUNPATH_SEARCH_PATHS = (
					"$(inherited)",
					"@executable_path/Frameworks",
					"@loader_path/Frameworks",
				);
				MARKETING_VERSION = 1.0;
				PRODUCT_BUNDLE_IDENTIFIER = emel.test.pairfinder.PairFinderUITests;
				PRODUCT_NAME = "$(TARGET_NAME)";
				SWIFT_EMIT_LOC_STRINGS = NO;
				SWIFT_VERSION = 5.0;
				TARGETED_DEVICE_FAMILY = "1,2";
				TEST_TARGET_NAME = PairFinder;
			};
			name = Debug;
		};
		5667393E2743EED200940F7C /* Release */ = {
			isa = XCBuildConfiguration;
			buildSettings = {
				ALWAYS_EMBED_SWIFT_STANDARD_LIBRARIES = YES;
				CODE_SIGN_STYLE = Automatic;
				CURRENT_PROJECT_VERSION = 1;
				DEVELOPMENT_TEAM = BC2NYL7P3W;
				GENERATE_INFOPLIST_FILE = YES;
				LD_RUNPATH_SEARCH_PATHS = (
					"$(inherited)",
					"@executable_path/Frameworks",
					"@loader_path/Frameworks",
				);
				MARKETING_VERSION = 1.0;
				PRODUCT_BUNDLE_IDENTIFIER = emel.test.pairfinder.PairFinderUITests;
				PRODUCT_NAME = "$(TARGET_NAME)";
				SWIFT_EMIT_LOC_STRINGS = NO;
				SWIFT_VERSION = 5.0;
				TARGETED_DEVICE_FAMILY = "1,2";
				TEST_TARGET_NAME = PairFinder;
			};
			name = Release;
		};
/* End XCBuildConfiguration section */

/* Begin XCConfigurationList section */
		566739082743EED000940F7C /* Build configuration list for PBXProject "PairFinder" */ = {
			isa = XCConfigurationList;
			buildConfigurations = (
				566739342743EED200940F7C /* Debug */,
				566739352743EED200940F7C /* Release */,
			);
			defaultConfigurationIsVisible = 0;
			defaultConfigurationName = Release;
		};
		566739362743EED200940F7C /* Build configuration list for PBXNativeTarget "PairFinder" */ = {
			isa = XCConfigurationList;
			buildConfigurations = (
				566739372743EED200940F7C /* Debug */,
				566739382743EED200940F7C /* Release */,
			);
			defaultConfigurationIsVisible = 0;
			defaultConfigurationName = Release;
		};
		566739392743EED200940F7C /* Build configuration list for PBXNativeTarget "PairFinderTests" */ = {
			isa = XCConfigurationList;
			buildConfigurations = (
				5667393A2743EED200940F7C /* Debug */,
				5667393B2743EED200940F7C /* Release */,
			);
			defaultConfigurationIsVisible = 0;
			defaultConfigurationName = Release;
		};
		5667393C2743EED200940F7C /* Build configuration list for PBXNativeTarget "PairFinderUITests" */ = {
			isa = XCConfigurationList;
			buildConfigurations = (
				5667393D2743EED200940F7C /* Debug */,
				5667393E2743EED200940F7C /* Release */,
			);
			defaultConfigurationIsVisible = 0;
			defaultConfigurationName = Release;
		};
/* End XCConfigurationList section */
	};
	rootObject = 566739052743EED000940F7C /* Project object */;
}
